
Microsoft Visual Studio Solution File, Format Version 12.00
# Visual Studio Version 17
VisualStudioVersion = 17.5.33414.496
MinimumVisualStudioVersion = 10.0.40219.1
Project("{9A19103F-16F7-4668-BE54-9A1E7A4F7556}") = "WillSoss.DbDeploy.Sql", "WillSoss.DbDeploy.Sql\WillSoss.DbDeploy.Sql.csproj", "{90570786-7984-47E7-9CF9-D1B91D88DFE7}"
EndProject
Project("{9A19103F-16F7-4668-BE54-9A1E7A4F7556}") = "WillSoss.DbDeploy", "WillSoss.DbDeploy\WillSoss.DbDeploy.csproj", "{972A6C9A-4832-473C-8A72-BF9012ED568E}"
EndProject
Project("{9A19103F-16F7-4668-BE54-9A1E7A4F7556}") = "WillSoss.DbDeploy.Tests", "WillSoss.DbDeploy.Tests\WillSoss.DbDeploy.Tests.csproj", "{A802DD99-CD5B-4A01-9868-5DE0CF0C51A6}"
EndProject
Project("{9A19103F-16F7-4668-BE54-9A1E7A4F7556}") = "WillSoss.DbDeploy.TestCli", "WillSoss.DbDeploy.TestCli\WillSoss.DbDeploy.TestCli.csproj", "{A2016114-AE2C-40B5-8F70-7F7991807625}"
EndProject
Global
	GlobalSection(SolutionConfigurationPlatforms) = preSolution
		Debug|Any CPU = Debug|Any CPU
		Release|Any CPU = Release|Any CPU
	EndGlobalSection
	GlobalSection(ProjectConfigurationPlatforms) = postSolution
		{90570786-7984-47E7-9CF9-D1B91D88DFE7}.Debug|Any CPU.ActiveCfg = Debug|Any CPU
		{90570786-7984-47E7-9CF9-D1B91D88DFE7}.Debug|Any CPU.Build.0 = Debug|Any CPU
		{90570786-7984-47E7-9CF9-D1B91D88DFE7}.Release|Any CPU.ActiveCfg = Release|Any CPU
		{90570786-7984-47E7-9CF9-D1B91D88DFE7}.Release|Any CPU.Build.0 = Release|Any CPU
		{972A6C9A-4832-473C-8A72-BF9012ED568E}.Debug|Any CPU.ActiveCfg = Debug|Any CPU
		{972A6C9A-4832-473C-8A72-BF9012ED568E}.Debug|Any CPU.Build.0 = Debug|Any CPU
		{972A6C9A-4832-473C-8A72-BF9012ED568E}.Release|Any CPU.ActiveCfg = Release|Any CPU
		{972A6C9A-4832-473C-8A72-BF9012ED568E}.Release|Any CPU.Build.0 = Release|Any CPU
		{A802DD99-CD5B-4A01-9868-5DE0CF0C51A6}.Debug|Any CPU.ActiveCfg = Debug|Any CPU
		{A802DD99-CD5B-4A01-9868-5DE0CF0C51A6}.Debug|Any CPU.Build.0 = Debug|Any CPU
		{A802DD99-CD5B-4A01-9868-5DE0CF0C51A6}.Release|Any CPU.ActiveCfg = Release|Any CPU
		{A802DD99-CD5B-4A01-9868-5DE0CF0C51A6}.Release|Any CPU.Build.0 = Release|Any CPU
		{A2016114-AE2C-40B5-8F70-7F7991807625}.Debug|Any CPU.ActiveCfg = Debug|Any CPU
		{A2016114-AE2C-40B5-8F70-7F7991807625}.Debug|Any CPU.Build.0 = Debug|Any CPU
		{A2016114-AE2C-40B5-8F70-7F7991807625}.Release|Any CPU.ActiveCfg = Release|Any CPU
		{A2016114-AE2C-40B5-8F70-7F7991807625}.Release|Any CPU.Build.0 = Release|Any CPU
	EndGlobalSection
	GlobalSection(SolutionProperties) = preSolution
		HideSolutionNode = FALSE
	EndGlobalSection
	GlobalSection(ExtensibilityGlobals) = postSolution
		SolutionGuid = {A8C49CCB-1B0D-4E9C-A99A-117DBC7729F1}
	EndGlobalSection
EndGlobal
